
Microsoft Visual Studio Solution File, Format Version 12.00
# Visual Studio 14
VisualStudioVersion = 14.0.23107.0
MinimumVisualStudioVersion = 10.0.40219.1
Project("{FAE04EC0-301F-11D3-BF4B-00C04F79EFBC}") = "InSeasonAPI", "InSeasonAPI\InSeasonAPI.csproj", "{E92653AE-5021-447B-8597-D3AD561F37C1}"
EndProject
Project("{FAE04EC0-301F-11D3-BF4B-00C04F79EFBC}") = "InSeasonAPI.Tests", "InSeasonAPI.Tests\InSeasonAPI.Tests.csproj", "{1D62CD98-6DD2-4549-9D7D-5FC7380BA560}"
EndProject
Global
	GlobalSection(SolutionConfigurationPlatforms) = preSolution
		Debug|Any CPU = Debug|Any CPU
		Release|Any CPU = Release|Any CPU
	EndGlobalSection
	GlobalSection(ProjectConfigurationPlatforms) = postSolution
		{E92653AE-5021-447B-8597-D3AD561F37C1}.Debug|Any CPU.ActiveCfg = Debug|Any CPU
		{E92653AE-5021-447B-8597-D3AD561F37C1}.Debug|Any CPU.Build.0 = Debug|Any CPU
		{E92653AE-5021-447B-8597-D3AD561F37C1}.Release|Any CPU.ActiveCfg = Release|Any CPU
		{E92653AE-5021-447B-8597-D3AD561F37C1}.Release|Any CPU.Build.0 = Release|Any CPU
		{1D62CD98-6DD2-4549-9D7D-5FC7380BA560}.Debug|Any CPU.ActiveCfg = Debug|Any CPU
		{1D62CD98-6DD2-4549-9D7D-5FC7380BA560}.Debug|Any CPU.Build.0 = Debug|Any CPU
		{1D62CD98-6DD2-4549-9D7D-5FC7380BA560}.Release|Any CPU.ActiveCfg = Release|Any CPU
		{1D62CD98-6DD2-4549-9D7D-5FC7380BA560}.Release|Any CPU.Build.0 = Release|Any CPU
	EndGlobalSection
	GlobalSection(SolutionProperties) = preSolution
		HideSolutionNode = FALSE
	EndGlobalSection
EndGlobal
